uuid: f4857c37-36ea-47ff-8651-4b4c806c461c
langcode: en
status: true
dependencies: {  }
_core:
  default_config_hash: isQwSsKXOzR16RpBJ_OMPFgIJPTUCzyikI2Ua19ureQ
name: 'Site Content Block'
type: site_content_block
description: 'Represents reusable content assigned to a Site Profile.'
help: ''
new_revision: true
preview_mode: 1
display_submitted: false
